
Microsoft Visual Studio Solution File, Format Version 12.00
# Visual Studio 15
VisualStudioVersion = 15.0.27130.2010
MinimumVisualStudioVersion = 10.0.40219.1
Project("{E24C65DC-7377-472B-9ABA-BC803B73C61A}") = "Interview Experiences Portal", "..\Interview Experiences Portal\", "{EDC17C55-9EEE-4B79-9F00-A322CDB551B4}"
	ProjectSection(WebsiteProperties) = preProject
		TargetFrameworkMoniker = ".NETFramework,Version%3Dv4.6.1"
		Debug.AspNetCompiler.VirtualPath = "/localhost_49818"
		Debug.AspNetCompiler.PhysicalPath = "..\Interview Experiences Portal\"
		Debug.AspNetCompiler.TargetPath = "PrecompiledWeb\localhost_49818\"
		Debug.AspNetCompiler.Updateable = "true"
		Debug.AspNetCompiler.ForceOverwrite = "true"
		Debug.AspNetCompiler.FixedNames = "false"
		Debug.AspNetCompiler.Debug = "True"
		Release.AspNetCompiler.VirtualPath = "/localhost_49818"
		Release.AspNetCompiler.PhysicalPath = "..\Interview Experiences Portal\"
		Release.AspNetCompiler.TargetPath = "PrecompiledWeb\localhost_49818\"
		Release.AspNetCompiler.Updateable = "true"
		Release.AspNetCompiler.ForceOverwrite = "true"
		Release.AspNetCompiler.FixedNames = "false"
		Release.AspNetCompiler.Debug = "False"
		VWDPort = "49818"
		SlnRelativePath = "..\Interview Experiences Portal\"
		DefaultWebSiteLanguage = "Visual C#"
	EndProjectSection
EndProject
Global
	GlobalSection(SolutionConfigurationPlatforms) = preSolution
		Debug|Any CPU = Debug|Any CPU
	EndGlobalSection
	GlobalSection(ProjectConfigurationPlatforms) = postSolution
		{EDC17C55-9EEE-4B79-9F00-A322CDB551B4}.Debug|Any CPU.ActiveCfg = Debug|Any CPU
		{EDC17C55-9EEE-4B79-9F00-A322CDB551B4}.Debug|Any CPU.Build.0 = Debug|Any CPU
	EndGlobalSection
	GlobalSection(SolutionProperties) = preSolution
		HideSolutionNode = FALSE
	EndGlobalSection
	GlobalSection(ExtensibilityGlobals) = postSolution
		SolutionGuid = {C14F74CB-C04A-490C-B2D5-EA46CEA934C6}
	EndGlobalSection
EndGlobal
